{
  "version": 4,
  "terraform_version": "1.9.7",
  "serial": 34,
  "lineage": "3b545b2d-ca8a-bf5b-2818-9cc79a4da992",
  "outputs": {},
  "resources": [
    {
      "mode": "managed",
      "type": "aws_autoscaling_group",
      "name": "asg",
      "provider": "provider[\"registry.terraform.io/hashicorp/aws\"]",
      "instances": [
        {
          "schema_version": 1,
          "attributes": {
            "arn": "arn:aws:autoscaling:us-east-1:900932047199:autoScalingGroup:b3e10cc1-74e8-4e2b-a97b-8fa0b2156caf:autoScalingGroupName/terraform-20250103193201461300000004",
            "availability_zone_distribution": [
              {
                "capacity_distribution_strategy": "balanced-best-effort"
              }
            ],
            "availability_zones": [
              "us-east-1a",
              "us-east-1b"
            ],
            "capacity_rebalance": false,
            "context": "",
            "default_cooldown": 300,
            "default_instance_warmup": 0,
            "desired_capacity": 2,
            "desired_capacity_type": "",
            "enabled_metrics": null,
            "force_delete": false,
            "force_delete_warm_pool": false,
            "health_check_grace_period": 300,
            "health_check_type": "EC2",
            "id": "terraform-20250103193201461300000004",
            "ignore_failed_scaling_activities": false,
            "initial_lifecycle_hook": [],
            "instance_maintenance_policy": [],
            "instance_refresh": [],
            "launch_configuration": "dr-ha-app-lc",
            "launch_template": [],
            "load_balancers": [],
            "max_instance_lifetime": 0,
            "max_size": 3,
            "metrics_granularity": "1Minute",
            "min_elb_capacity": null,
            "min_size": 1,
            "mixed_instances_policy": [],
            "name": "terraform-20250103193201461300000004",
            "name_prefix": "terraform-",
            "placement_group": "",
            "predicted_capacity": 0,
            "protect_from_scale_in": false,
            "service_linked_role_arn": "arn:aws:iam::900932047199:role/aws-service-role/autoscaling.amazonaws.com/AWSServiceRoleForAutoScaling",
            "suspended_processes": null,
            "tag": [
              {
                "key": "Name",
                "propagate_at_launch": true,
                "value": "dr-ha-app-asg"
              }
            ],
            "target_group_arns": [],
            "termination_policies": null,
            "timeouts": null,
            "traffic_source": [],
            "vpc_zone_identifier": [
              "subnet-08e76e288230f18ae",
              "subnet-0bdce0bd6d53e46e8"
            ],
            "wait_for_capacity_timeout": "10m",
            "wait_for_elb_capacity": null,
            "warm_pool": [],
            "warm_pool_size": 0
          },
          "sensitive_attributes": [],
          "private": "eyJlMmJmYjczMC1lY2FhLTExZTYtOGY4OC0zNDM2M2JjN2M0YzAiOnsiZGVsZXRlIjo2MDAwMDAwMDAwMDAsInVwZGF0ZSI6NjAwMDAwMDAwMDAwfSwic2NoZW1hX3ZlcnNpb24iOiIxIn0=",
          "dependencies": [
            "aws_launch_configuration.app_lc",
            "aws_security_group.app_sg",
            "module.vpc.aws_subnet.public",
            "module.vpc.aws_vpc.this",
            "module.vpc.aws_vpc_ipv4_cidr_block_association.this"
          ]
        }
      ]
    },
    {
      "mode": "managed",
      "type": "aws_backup_plan",
      "name": "app_backup_plan",
      "provider": "provider[\"registry.terraform.io/hashicorp/aws\"]",
      "instances": [
        {
          "schema_version": 1,
          "attributes": {
            "advanced_backup_setting": [],
            "arn": "arn:aws:backup:us-east-1:900932047199:backup-plan:0dcb3dd5-2d37-4219-9b41-653b5d479184",
            "id": "0dcb3dd5-2d37-4219-9b41-653b5d479184",
            "name": "dr-ha-app-backup-plan",
            "rule": [
              {
                "completion_window": 180,
                "copy_action": [],
                "enable_continuous_backup": false,
                "lifecycle": [
                  {
                    "cold_storage_after": 0,
                    "delete_after": 30,
                    "opt_in_to_archive_for_supported_resources": false
                  }
                ],
                "recovery_point_tags": {},
                "rule_name": "dr-ha-app-daily-backup",
                "schedule": "cron(0 5 * * ? *)",
                "schedule_expression_timezone": "Etc/UTC",
                "start_window": 60,
                "target_vault_name": "dr-ha-app-backup-vault"
              }
            ],
            "tags": null,
            "tags_all": {},
            "version": "YWVkNWYzNDktZjc3Ni00NmY0LWEwOGMtYzU0MjFiNDk1NGI0"
          },
          "sensitive_attributes": [],
          "private": "eyJzY2hlbWFfdmVyc2lvbiI6IjEifQ==",
          "dependencies": [
            "aws_backup_vault.app_vault"
          ]
        }
      ]
    },
    {
      "mode": "managed",
      "type": "aws_backup_vault",
      "name": "app_vault",
      "provider": "provider[\"registry.terraform.io/hashicorp/aws\"]",
      "instances": [
        {
          "schema_version": 0,
          "attributes": {
            "arn": "arn:aws:backup:us-east-1:900932047199:backup-vault:dr-ha-app-backup-vault",
            "force_destroy": false,
            "id": "dr-ha-app-backup-vault",
            "kms_key_arn": "arn:aws:kms:us-east-1:900932047199:key/8d1f927b-1fa5-4823-b572-ceae283fc922",
            "name": "dr-ha-app-backup-vault",
            "recovery_points": 0,
            "tags": null,
            "tags_all": {},
            "timeouts": null
          },
          "sensitive_attributes": [],
          "private": "eyJlMmJmYjczMC1lY2FhLTExZTYtOGY4OC0zNDM2M2JjN2M0YzAiOnsiZGVsZXRlIjo2MDAwMDAwMDAwMDB9fQ=="
        }
      ]
    },
    {
      "mode": "managed",
      "type": "aws_launch_configuration",
      "name": "app_lc",
      "provider": "provider[\"registry.terraform.io/hashicorp/aws\"]",
      "instances": [
        {
          "schema_version": 0,
          "attributes": {
            "arn": "arn:aws:autoscaling:us-east-1:900932047199:launchConfiguration:7434d468-e42b-49c6-924c-4b5fe6b847cc:launchConfigurationName/dr-ha-app-lc",
            "associate_public_ip_address": false,
            "ebs_block_device": [],
            "ebs_optimized": false,
            "enable_monitoring": true,
            "ephemeral_block_device": [],
            "iam_instance_profile": "",
            "id": "dr-ha-app-lc",
            "image_id": "ami-01816d07b1128cd2d",
            "instance_type": "t2.micro",
            "key_name": "",
            "metadata_options": [],
            "name": "dr-ha-app-lc",
            "name_prefix": "",
            "placement_tenancy": "",
            "root_block_device": [],
            "security_groups": [
              "sg-00244956e10651cc9"
            ],
            "spot_price": "",
            "user_data": null,
            "user_data_base64": null
          },
          "sensitive_attributes": [],
          "private": "bnVsbA==",
          "dependencies": [
            "aws_security_group.app_sg",
            "module.vpc.aws_vpc.this"
          ]
        }
      ]
    },
    {
      "mode": "managed",
      "type": "aws_lb_listener",
      "name": "http",
      "provider": "provider[\"registry.terraform.io/hashicorp/aws\"]",
      "instances": [
        {
          "schema_version": 0,
          "attributes": {
            "alpn_policy": null,
            "arn": "arn:aws:elasticloadbalancing:us-east-1:900932047199:listener/app/dr-ha-app-alb/116906cd13ae2867/ba0edf0792dcb241",
            "certificate_arn": null,
            "default_action": [
              {
                "authenticate_cognito": [],
                "authenticate_oidc": [],
                "fixed_response": [],
                "forward": [],
                "order": 1,
                "redirect": [],
                "target_group_arn": "arn:aws:elasticloadbalancing:us-east-1:900932047199:targetgroup/dr-ha-app-tg/f7afe9259203a65c",
                "type": "forward"
              }
            ],
            "id": "arn:aws:elasticloadbalancing:us-east-1:900932047199:listener/app/dr-ha-app-alb/116906cd13ae2867/ba0edf0792dcb241",
            "load_balancer_arn": "arn:aws:elasticloadbalancing:us-east-1:900932047199:loadbalancer/app/dr-ha-app-alb/116906cd13ae2867",
            "mutual_authentication": [],
            "port": 80,
            "protocol": "HTTP",
            "ssl_policy": "",
            "tags": null,
            "tags_all": {},
            "tcp_idle_timeout_seconds": null,
            "timeouts": null
          },
          "sensitive_attributes": [],
          "private": "eyJlMmJmYjczMC1lY2FhLTExZTYtOGY4OC0zNDM2M2JjN2M0YzAiOnsiY3JlYXRlIjozMDAwMDAwMDAwMDAsInVwZGF0ZSI6MzAwMDAwMDAwMDAwfX0=",
          "dependencies": [
            "aws_security_group.app_sg",
            "module.alb.aws_lb.this",
            "module.alb.aws_lb_target_group.main",
            "module.vpc.aws_subnet.public",
            "module.vpc.aws_vpc.this",
            "module.vpc.aws_vpc_ipv4_cidr_block_association.this"
          ]
        }
      ]
    },
    {
      "mode": "managed",
      "type": "aws_route53_health_check",
      "name": "primary",
      "provider": "provider[\"registry.terraform.io/hashicorp/aws\"]",
      "instances": [
        {
          "schema_version": 0,
          "attributes": {
            "arn": "arn:aws:route53:::healthcheck/e50a5a31-8311-49d8-ad29-c4f09c753e6b",
            "child_health_threshold": 0,
            "child_healthchecks": null,
            "cloudwatch_alarm_name": null,
            "cloudwatch_alarm_region": null,
            "disabled": false,
            "enable_sni": false,
            "failure_threshold": 3,
            "fqdn": "primary.dr-ha-app.cloudpork.click",
            "id": "e50a5a31-8311-49d8-ad29-c4f09c753e6b",
            "insufficient_data_health_status": "",
            "invert_healthcheck": false,
            "ip_address": "",
            "measure_latency": false,
            "port": 80,
            "reference_name": null,
            "regions": null,
            "request_interval": 30,
            "resource_path": "/",
            "routing_control_arn": "",
            "search_string": "",
            "tags": null,
            "tags_all": {},
            "type": "HTTP"
          },
          "sensitive_attributes": [],
          "private": "bnVsbA=="
        }
      ]
    },
    {
      "mode": "managed",
      "type": "aws_route53_health_check",
      "name": "secondary",
      "provider": "provider[\"registry.terraform.io/hashicorp/aws\"]",
      "instances": [
        {
          "schema_version": 0,
          "attributes": {
            "arn": "arn:aws:route53:::healthcheck/499ac679-0092-4890-9c5a-dce2618516a1",
            "child_health_threshold": 0,
            "child_healthchecks": null,
            "cloudwatch_alarm_name": null,
            "cloudwatch_alarm_region": null,
            "disabled": false,
            "enable_sni": false,
            "failure_threshold": 3,
            "fqdn": "secondary.dr-ha-app.cloudpork.click",
            "id": "499ac679-0092-4890-9c5a-dce2618516a1",
            "insufficient_data_health_status": "",
            "invert_healthcheck": false,
            "ip_address": "",
            "measure_latency": false,
            "port": 80,
            "reference_name": null,
            "regions": null,
            "request_interval": 30,
            "resource_path": "/",
            "routing_control_arn": "",
            "search_string": "",
            "tags": null,
            "tags_all": {},
            "type": "HTTP"
          },
          "sensitive_attributes": [],
          "private": "bnVsbA=="
        }
      ]
    },
    {
      "mode": "managed",
      "type": "aws_route53_record",
      "name": "failover",
      "provider": "provider[\"registry.terraform.io/hashicorp/aws\"]",
      "instances": [
        {
          "schema_version": 2,
          "attributes": {
            "alias": [
              {
                "evaluate_target_health": true,
                "name": "dr-ha-app-alb-571517816.us-east-1.elb.amazonaws.com",
                "zone_id": "Z35SXDOTRQ7X7K"
              }
            ],
            "allow_overwrite": null,
            "cidr_routing_policy": [],
            "failover_routing_policy": [
              {
                "type": "PRIMARY"
              }
            ],
            "fqdn": "dr-ha-app.cloudpork.click",
            "geolocation_routing_policy": [],
            "geoproximity_routing_policy": [],
            "health_check_id": "",
            "id": "Z02666872KRBJXJIAD0VO_dr-ha-app.cloudpork.click_A_primary",
            "latency_routing_policy": [],
            "multivalue_answer_routing_policy": false,
            "name": "dr-ha-app.cloudpork.click",
            "records": null,
            "set_identifier": "primary",
            "ttl": 0,
            "type": "A",
            "weighted_routing_policy": [],
            "zone_id": "Z02666872KRBJXJIAD0VO"
          },
          "sensitive_attributes": [],
          "private": "eyJzY2hlbWFfdmVyc2lvbiI6IjIifQ==",
          "dependencies": [
            "aws_security_group.app_sg",
            "module.alb.aws_lb.this",
            "module.vpc.aws_subnet.public",
            "module.vpc.aws_vpc.this",
            "module.vpc.aws_vpc_ipv4_cidr_block_association.this"
          ]
        }
      ]
    },
    {
      "mode": "managed",
      "type": "aws_security_group",
      "name": "app_sg",
      "provider": "provider[\"registry.terraform.io/hashicorp/aws\"]",
      "instances": [
        {
          "schema_version": 1,
          "attributes": {
            "arn": "arn:aws:ec2:us-east-1:900932047199:security-group/sg-00244956e10651cc9",
            "description": "Allow HTTP and SSH",
            "egress": [
              {
                "cidr_blocks": [
                  "0.0.0.0/0"
                ],
                "description": "",
                "from_port": 0,
                "ipv6_cidr_blocks": [],
                "prefix_list_ids": [],
                "protocol": "-1",
                "security_groups": [],
                "self": false,
                "to_port": 0
              }
            ],
            "id": "sg-00244956e10651cc9",
            "ingress": [
              {
                "cidr_blocks": [
                  "0.0.0.0/0"
                ],
                "description": "",
                "from_port": 22,
                "ipv6_cidr_blocks": [],
                "prefix_list_ids": [],
                "protocol": "tcp",
                "security_groups": [],
                "self": false,
                "to_port": 22
              },
              {
                "cidr_blocks": [
                  "0.0.0.0/0"
                ],
                "description": "",
                "from_port": 80,
                "ipv6_cidr_blocks": [],
                "prefix_list_ids": [],
                "protocol": "tcp",
                "security_groups": [],
                "self": false,
                "to_port": 80
              }
            ],
            "name": "dr-ha-app-sg",
            "name_prefix": "",
            "owner_id": "900932047199",
            "revoke_rules_on_delete": false,
            "tags": null,
            "tags_all": {},
            "timeouts": null,
            "vpc_id": "vpc-09fe88372ca2ecc5c"
          },
          "sensitive_attributes": [],
          "private": "eyJlMmJmYjczMC1lY2FhLTExZTYtOGY4OC0zNDM2M2JjN2M0YzAiOnsiY3JlYXRlIjo2MDAwMDAwMDAwMDAsImRlbGV0ZSI6OTAwMDAwMDAwMDAwfSwic2NoZW1hX3ZlcnNpb24iOiIxIn0=",
          "dependencies": [
            "module.vpc.aws_vpc.this"
          ]
        }
      ]
    },
    {
      "module": "module.alb",
      "mode": "managed",
      "type": "aws_lb",
      "name": "this",
      "provider": "provider[\"registry.terraform.io/hashicorp/aws\"]",
      "instances": [
        {
          "index_key": 0,
          "schema_version": 0,
          "attributes": {
            "access_logs": [
              {
                "bucket": "",
                "enabled": false,
                "prefix": ""
              }
            ],
            "arn": "arn:aws:elasticloadbalancing:us-east-1:900932047199:loadbalancer/app/dr-ha-app-alb/116906cd13ae2867",
            "arn_suffix": "app/dr-ha-app-alb/116906cd13ae2867",
            "client_keep_alive": 3600,
            "connection_logs": [
              {
                "bucket": "",
                "enabled": false,
                "prefix": ""
              }
            ],
            "customer_owned_ipv4_pool": "",
            "desync_mitigation_mode": "defensive",
            "dns_name": "dr-ha-app-alb-571517816.us-east-1.elb.amazonaws.com",
            "dns_record_client_routing_policy": null,
            "drop_invalid_header_fields": false,
            "enable_cross_zone_load_balancing": true,
            "enable_deletion_protection": false,
            "enable_http2": true,
            "enable_tls_version_and_cipher_suite_headers": false,
            "enable_waf_fail_open": false,
            "enable_xff_client_port": false,
            "enable_zonal_shift": false,
            "enforce_security_group_inbound_rules_on_private_link_traffic": "",
            "id": "arn:aws:elasticloadbalancing:us-east-1:900932047199:loadbalancer/app/dr-ha-app-alb/116906cd13ae2867",
            "idle_timeout": 60,
            "internal": false,
            "ip_address_type": "ipv4",
            "load_balancer_type": "application",
            "name": "dr-ha-app-alb",
            "name_prefix": "",
            "preserve_host_header": false,
            "security_groups": [
              "sg-00244956e10651cc9"
            ],
            "subnet_mapping": [
              {
                "allocation_id": "",
                "ipv6_address": "",
                "outpost_id": "",
                "private_ipv4_address": "",
                "subnet_id": "subnet-08e76e288230f18ae"
              },
              {
                "allocation_id": "",
                "ipv6_address": "",
                "outpost_id": "",
                "private_ipv4_address": "",
                "subnet_id": "subnet-0bdce0bd6d53e46e8"
              }
            ],
            "subnets": [
              "subnet-08e76e288230f18ae",
              "subnet-0bdce0bd6d53e46e8"
            ],
            "tags": {
              "Name": "dr-ha-app-alb"
            },
            "tags_all": {
              "Name": "dr-ha-app-alb"
            },
            "timeouts": {
              "create": "10m",
              "delete": "10m",
              "update": "10m"
            },
            "vpc_id": "vpc-09fe88372ca2ecc5c",
            "xff_header_processing_mode": "append",
            "zone_id": "Z35SXDOTRQ7X7K"
          },
          "sensitive_attributes": [],
          "private": "eyJlMmJmYjczMC1lY2FhLTExZTYtOGY4OC0zNDM2M2JjN2M0YzAiOnsiY3JlYXRlIjo2MDAwMDAwMDAwMDAsImRlbGV0ZSI6NjAwMDAwMDAwMDAwLCJ1cGRhdGUiOjYwMDAwMDAwMDAwMH19",
          "dependencies": [
            "aws_security_group.app_sg",
            "module.vpc.aws_subnet.public",
            "module.vpc.aws_vpc.this",
            "module.vpc.aws_vpc_ipv4_cidr_block_association.this"
          ]
        }
      ]
    },
    {
      "module": "module.alb",
      "mode": "managed",
      "type": "aws_lb_target_group",
      "name": "main",
      "provider": "provider[\"registry.terraform.io/hashicorp/aws\"]",
      "instances": [
        {
          "index_key": 0,
          "schema_version": 0,
          "attributes": {
            "arn": "arn:aws:elasticloadbalancing:us-east-1:900932047199:targetgroup/dr-ha-app-tg/f7afe9259203a65c",
            "arn_suffix": "targetgroup/dr-ha-app-tg/f7afe9259203a65c",
            "connection_termination": null,
            "deregistration_delay": "300",
            "health_check": [
              {
                "enabled": true,
                "healthy_threshold": 5,
                "interval": 30,
                "matcher": "200",
                "path": "/",
                "port": "traffic-port",
                "protocol": "HTTP",
                "timeout": 5,
                "unhealthy_threshold": 2
              }
            ],
            "id": "arn:aws:elasticloadbalancing:us-east-1:900932047199:targetgroup/dr-ha-app-tg/f7afe9259203a65c",
            "ip_address_type": "ipv4",
            "lambda_multi_value_headers_enabled": false,
            "load_balancer_arns": [],
            "load_balancing_algorithm_type": "round_robin",
            "load_balancing_anomaly_mitigation": "off",
            "load_balancing_cross_zone_enabled": "use_load_balancer_configuration",
            "name": "dr-ha-app-tg",
            "name_prefix": "",
            "port": 80,
            "preserve_client_ip": null,
            "protocol": "HTTP",
            "protocol_version": "HTTP1",
            "proxy_protocol_v2": false,
            "slow_start": 0,
            "stickiness": [
              {
                "cookie_duration": 86400,
                "cookie_name": "",
                "enabled": false,
                "type": "lb_cookie"
              }
            ],
            "tags": {
              "Name": "dr-ha-app-tg"
            },
            "tags_all": {
              "Name": "dr-ha-app-tg"
            },
            "target_failover": [
              {
                "on_deregistration": null,
                "on_unhealthy": null
              }
            ],
            "target_group_health": [
              {
                "dns_failover": [
                  {
                    "minimum_healthy_targets_count": "1",
                    "minimum_healthy_targets_percentage": "off"
                  }
                ],
                "unhealthy_state_routing": [
                  {
                    "minimum_healthy_targets_count": 1,
                    "minimum_healthy_targets_percentage": "off"
                  }
                ]
              }
            ],
            "target_health_state": [
              {
                "enable_unhealthy_connection_termination": null,
                "unhealthy_draining_interval": null
              }
            ],
            "target_type": "instance",
            "vpc_id": "vpc-09fe88372ca2ecc5c"
          },
          "sensitive_attributes": [],
          "private": "bnVsbA==",
          "dependencies": [
            "module.vpc.aws_vpc.this"
          ],
          "create_before_destroy": true
        }
      ]
    },
    {
      "module": "module.secondary_vpc",
      "mode": "managed",
      "type": "aws_default_network_acl",
      "name": "this",
      "provider": "provider[\"registry.terraform.io/hashicorp/aws\"].secondary",
      "instances": [
        {
          "index_key": 0,
          "schema_version": 0,
          "attributes": {
            "arn": "arn:aws:ec2:us-west-2:900932047199:network-acl/acl-024cc84d07b6b65c1",
            "default_network_acl_id": "acl-024cc84d07b6b65c1",
            "egress": [
              {
                "action": "allow",
                "cidr_block": "",
                "from_port": 0,
                "icmp_code": null,
                "icmp_type": null,
                "ipv6_cidr_block": "::/0",
                "protocol": "-1",
                "rule_no": 101,
                "to_port": 0
              },
              {
                "action": "allow",
                "cidr_block": "0.0.0.0/0",
                "from_port": 0,
                "icmp_code": null,
                "icmp_type": null,
                "ipv6_cidr_block": "",
                "protocol": "-1",
                "rule_no": 100,
                "to_port": 0
              }
            ],
            "id": "acl-024cc84d07b6b65c1",
            "ingress": [
              {
                "action": "allow",
                "cidr_block": "",
                "from_port": 0,
                "icmp_code": null,
                "icmp_type": null,
                "ipv6_cidr_block": "::/0",
                "protocol": "-1",
                "rule_no": 101,
                "to_port": 0
              },
              {
                "action": "allow",
                "cidr_block": "0.0.0.0/0",
                "from_port": 0,
                "icmp_code": null,
                "icmp_type": null,
                "ipv6_cidr_block": "",
                "protocol": "-1",
                "rule_no": 100,
                "to_port": 0
              }
            ],
            "owner_id": "900932047199",
            "subnet_ids": [
              "subnet-03685734cae27151f",
              "subnet-0922206d0e1b783bc"
            ],
            "tags": {
              "Name": "dr-ha-app-vpc-secondary-default"
            },
            "tags_all": {
              "Name": "dr-ha-app-vpc-secondary-default"
            },
            "vpc_id": "vpc-0201ea765afe29960"
          },
          "sensitive_attributes": [],
          "private": "bnVsbA==",
          "dependencies": [
            "module.secondary_vpc.aws_vpc.this"
          ]
        }
      ]
    },
    {
      "module": "module.secondary_vpc",
      "mode": "managed",
      "type": "aws_default_route_table",
      "name": "default",
      "provider": "provider[\"registry.terraform.io/hashicorp/aws\"].secondary",
      "instances": [
        {
          "index_key": 0,
          "schema_version": 0,
          "attributes": {
            "arn": "arn:aws:ec2:us-west-2:900932047199:route-table/rtb-03d32434a2a284c7f",
            "default_route_table_id": "rtb-03d32434a2a284c7f",
            "id": "rtb-03d32434a2a284c7f",
            "owner_id": "900932047199",
            "propagating_vgws": null,
            "route": [],
            "tags": {
              "Name": "dr-ha-app-vpc-secondary-default"
            },
            "tags_all": {
              "Name": "dr-ha-app-vpc-secondary-default"
            },
            "timeouts": {
              "create": "5m",
              "update": "5m"
            },
            "vpc_id": "vpc-0201ea765afe29960"
          },
          "sensitive_attributes": [],
          "private": "eyJlMmJmYjczMC1lY2FhLTExZTYtOGY4OC0zNDM2M2JjN2M0YzAiOnsiY3JlYXRlIjozMDAwMDAwMDAwMDAsInVwZGF0ZSI6MzAwMDAwMDAwMDAwfX0=",
          "dependencies": [
            "module.secondary_vpc.aws_vpc.this"
          ]
        }
      ]
    },
    {
      "module": "module.secondary_vpc",
      "mode": "managed",
      "type": "aws_default_security_group",
      "name": "this",
      "provider": "provider[\"registry.terraform.io/hashicorp/aws\"].secondary",
      "instances": [
        {
          "index_key": 0,
          "schema_version": 1,
          "attributes": {
            "arn": "arn:aws:ec2:us-west-2:900932047199:security-group/sg-0306a43ced6a604b5",
            "description": "default VPC security group",
            "egress": [],
            "id": "sg-0306a43ced6a604b5",
            "ingress": [],
            "name": "default",
            "name_prefix": "",
            "owner_id": "900932047199",
            "revoke_rules_on_delete": false,
            "tags": {
              "Name": "dr-ha-app-vpc-secondary-default"
            },
            "tags_all": {
              "Name": "dr-ha-app-vpc-secondary-default"
            },
            "vpc_id": "vpc-0201ea765afe29960"
          },
          "sensitive_attributes": [],
          "private": "eyJzY2hlbWFfdmVyc2lvbiI6IjEifQ==",
          "dependencies": [
            "module.secondary_vpc.aws_vpc.this"
          ]
        }
      ]
    },
    {
      "module": "module.secondary_vpc",
      "mode": "managed",
      "type": "aws_internet_gateway",
      "name": "this",
      "provider": "provider[\"registry.terraform.io/hashicorp/aws\"].secondary",
      "instances": [
        {
          "index_key": 0,
          "schema_version": 0,
          "attributes": {
            "arn": "arn:aws:ec2:us-west-2:900932047199:internet-gateway/igw-0329f132e8b12d8a2",
            "id": "igw-0329f132e8b12d8a2",
            "owner_id": "900932047199",
            "tags": {
              "Name": "dr-ha-app-vpc-secondary"
            },
            "tags_all": {
              "Name": "dr-ha-app-vpc-secondary"
            },
            "timeouts": null,
            "vpc_id": "vpc-0201ea765afe29960"
          },
          "sensitive_attributes": [],
          "private": "eyJlMmJmYjczMC1lY2FhLTExZTYtOGY4OC0zNDM2M2JjN2M0YzAiOnsiY3JlYXRlIjoxMjAwMDAwMDAwMDAwLCJkZWxldGUiOjEyMDAwMDAwMDAwMDAsInVwZGF0ZSI6MTIwMDAwMDAwMDAwMH19",
          "dependencies": [
            "module.secondary_vpc.aws_vpc.this",
            "module.secondary_vpc.aws_vpc_ipv4_cidr_block_association.this"
          ]
        }
      ]
    },
    {
      "module": "module.secondary_vpc",
      "mode": "managed",
      "type": "aws_route",
      "name": "public_internet_gateway",
      "provider": "provider[\"registry.terraform.io/hashicorp/aws\"].secondary",
      "instances": [
        {
          "index_key": 0,
          "schema_version": 0,
          "attributes": {
            "carrier_gateway_id": "",
            "core_network_arn": "",
            "destination_cidr_block": "0.0.0.0/0",
            "destination_ipv6_cidr_block": "",
            "destination_prefix_list_id": "",
            "egress_only_gateway_id": "",
            "gateway_id": "igw-0329f132e8b12d8a2",
            "id": "r-rtb-0ef0844002f6031e61080289494",
            "instance_id": "",
            "instance_owner_id": "",
            "local_gateway_id": "",
            "nat_gateway_id": "",
            "network_interface_id": "",
            "origin": "CreateRoute",
            "route_table_id": "rtb-0ef0844002f6031e6",
            "state": "active",
            "timeouts": {
              "create": "5m",
              "delete": null,
              "update": null
            },
            "transit_gateway_id": "",
            "vpc_endpoint_id": "",
            "vpc_peering_connection_id": ""
          },
          "sensitive_attributes": [],
          "private": "eyJlMmJmYjczMC1lY2FhLTExZTYtOGY4OC0zNDM2M2JjN2M0YzAiOnsiY3JlYXRlIjozMDAwMDAwMDAwMDAsImRlbGV0ZSI6MzAwMDAwMDAwMDAwLCJ1cGRhdGUiOjEyMDAwMDAwMDAwMH19",
          "dependencies": [
            "module.secondary_vpc.aws_internet_gateway.this",
            "module.secondary_vpc.aws_route_table.public",
            "module.secondary_vpc.aws_vpc.this",
            "module.secondary_vpc.aws_vpc_ipv4_cidr_block_association.this"
          ]
        }
      ]
    },
    {
      "module": "module.secondary_vpc",
      "mode": "managed",
      "type": "aws_route_table",
      "name": "public",
      "provider": "provider[\"registry.terraform.io/hashicorp/aws\"].secondary",
      "instances": [
        {
          "index_key": 0,
          "schema_version": 0,
          "attributes": {
            "arn": "arn:aws:ec2:us-west-2:900932047199:route-table/rtb-0ef0844002f6031e6",
            "id": "rtb-0ef0844002f6031e6",
            "owner_id": "900932047199",
            "propagating_vgws": [],
            "route": [],
            "tags": {
              "Name": "dr-ha-app-vpc-secondary-public"
            },
            "tags_all": {
              "Name": "dr-ha-app-vpc-secondary-public"
            },
            "timeouts": null,
            "vpc_id": "vpc-0201ea765afe29960"
          },
          "sensitive_attributes": [],
          "private": "eyJlMmJmYjczMC1lY2FhLTExZTYtOGY4OC0zNDM2M2JjN2M0YzAiOnsiY3JlYXRlIjozMDAwMDAwMDAwMDAsImRlbGV0ZSI6MzAwMDAwMDAwMDAwLCJ1cGRhdGUiOjEyMDAwMDAwMDAwMH19",
          "dependencies": [
            "module.secondary_vpc.aws_vpc.this",
            "module.secondary_vpc.aws_vpc_ipv4_cidr_block_association.this"
          ]
        }
      ]
    },
    {
      "module": "module.secondary_vpc",
      "mode": "managed",
      "type": "aws_route_table_association",
      "name": "public",
      "provider": "provider[\"registry.terraform.io/hashicorp/aws\"].secondary",
      "instances": [
        {
          "index_key": 0,
          "schema_version": 0,
          "attributes": {
            "gateway_id": "",
            "id": "rtbassoc-030cf6392d52c9998",
            "route_table_id": "rtb-0ef0844002f6031e6",
            "subnet_id": "subnet-0922206d0e1b783bc",
            "timeouts": null
          },
          "sensitive_attributes": [],
          "private": "eyJlMmJmYjczMC1lY2FhLTExZTYtOGY4OC0zNDM2M2JjN2M0YzAiOnsiY3JlYXRlIjozMDAwMDAwMDAwMDAsImRlbGV0ZSI6MzAwMDAwMDAwMDAwLCJ1cGRhdGUiOjEyMDAwMDAwMDAwMH19",
          "dependencies": [
            "module.secondary_vpc.aws_route_table.public",
            "module.secondary_vpc.aws_subnet.public",
            "module.secondary_vpc.aws_vpc.this",
            "module.secondary_vpc.aws_vpc_ipv4_cidr_block_association.this"
          ]
        },
        {
          "index_key": 1,
          "schema_version": 0,
          "attributes": {
            "gateway_id": "",
            "id": "rtbassoc-0e2a942b0f678cb91",
            "route_table_id": "rtb-0ef0844002f6031e6",
            "subnet_id": "subnet-03685734cae27151f",
            "timeouts": null
          },
          "sensitive_attributes": [],
          "private": "eyJlMmJmYjczMC1lY2FhLTExZTYtOGY4OC0zNDM2M2JjN2M0YzAiOnsiY3JlYXRlIjozMDAwMDAwMDAwMDAsImRlbGV0ZSI6MzAwMDAwMDAwMDAwLCJ1cGRhdGUiOjEyMDAwMDAwMDAwMH19",
          "dependencies": [
            "module.secondary_vpc.aws_route_table.public",
            "module.secondary_vpc.aws_subnet.public",
            "module.secondary_vpc.aws_vpc.this",
            "module.secondary_vpc.aws_vpc_ipv4_cidr_block_association.this"
          ]
        }
      ]
    },
    {
      "module": "module.secondary_vpc",
      "mode": "managed",
      "type": "aws_subnet",
      "name": "public",
      "provider": "provider[\"registry.terraform.io/hashicorp/aws\"].secondary",
      "instances": [
        {
          "index_key": 0,
          "schema_version": 1,
          "attributes": {
            "arn": "arn:aws:ec2:us-west-2:900932047199:subnet/subnet-0922206d0e1b783bc",
            "assign_ipv6_address_on_creation": false,
            "availability_zone": "us-west-2a",
            "availability_zone_id": "usw2-az1",
            "cidr_block": "10.1.1.0/24",
            "customer_owned_ipv4_pool": "",
            "enable_dns64": false,
            "enable_lni_at_device_index": 0,
            "enable_resource_name_dns_a_record_on_launch": false,
            "enable_resource_name_dns_aaaa_record_on_launch": false,
            "id": "subnet-0922206d0e1b783bc",
            "ipv6_cidr_block": "",
            "ipv6_cidr_block_association_id": "",
            "ipv6_native": false,
            "map_customer_owned_ip_on_launch": false,
            "map_public_ip_on_launch": false,
            "outpost_arn": "",
            "owner_id": "900932047199",
            "private_dns_hostname_type_on_launch": "ip-name",
            "tags": {
              "Name": "dr-ha-app-vpc-secondary-public-us-west-2a"
            },
            "tags_all": {
              "Name": "dr-ha-app-vpc-secondary-public-us-west-2a"
            },
            "timeouts": null,
            "vpc_id": "vpc-0201ea765afe29960"
          },
          "sensitive_attributes": [],
          "private": "eyJlMmJmYjczMC1lY2FhLTExZTYtOGY4OC0zNDM2M2JjN2M0YzAiOnsiY3JlYXRlIjo2MDAwMDAwMDAwMDAsImRlbGV0ZSI6MTIwMDAwMDAwMDAwMH0sInNjaGVtYV92ZXJzaW9uIjoiMSJ9",
          "dependencies": [
            "module.secondary_vpc.aws_vpc.this",
            "module.secondary_vpc.aws_vpc_ipv4_cidr_block_association.this"
          ]
        },
        {
          "index_key": 1,
          "schema_version": 1,
          "attributes": {
            "arn": "arn:aws:ec2:us-west-2:900932047199:subnet/subnet-03685734cae27151f",
            "assign_ipv6_address_on_creation": false,
            "availability_zone": "us-west-2b",
            "availability_zone_id": "usw2-az2",
            "cidr_block": "10.1.2.0/24",
            "customer_owned_ipv4_pool": "",
            "enable_dns64": false,
            "enable_lni_at_device_index": 0,
            "enable_resource_name_dns_a_record_on_launch": false,
            "enable_resource_name_dns_aaaa_record_on_launch": false,
            "id": "subnet-03685734cae27151f",
            "ipv6_cidr_block": "",
            "ipv6_cidr_block_association_id": "",
            "ipv6_native": false,
            "map_customer_owned_ip_on_launch": false,
            "map_public_ip_on_launch": false,
            "outpost_arn": "",
            "owner_id": "900932047199",
            "private_dns_hostname_type_on_launch": "ip-name",
            "tags": {
              "Name": "dr-ha-app-vpc-secondary-public-us-west-2b"
            },
            "tags_all": {
              "Name": "dr-ha-app-vpc-secondary-public-us-west-2b"
            },
            "timeouts": null,
            "vpc_id": "vpc-0201ea765afe29960"
          },
          "sensitive_attributes": [],
          "private": "eyJlMmJmYjczMC1lY2FhLTExZTYtOGY4OC0zNDM2M2JjN2M0YzAiOnsiY3JlYXRlIjo2MDAwMDAwMDAwMDAsImRlbGV0ZSI6MTIwMDAwMDAwMDAwMH0sInNjaGVtYV92ZXJzaW9uIjoiMSJ9",
          "dependencies": [
            "module.secondary_vpc.aws_vpc.this",
            "module.secondary_vpc.aws_vpc_ipv4_cidr_block_association.this"
          ]
        }
      ]
    },
    {
      "module": "module.secondary_vpc",
      "mode": "managed",
      "type": "aws_vpc",
      "name": "this",
      "provider": "provider[\"registry.terraform.io/hashicorp/aws\"].secondary",
      "instances": [
        {
          "index_key": 0,
          "schema_version": 1,
          "attributes": {
            "arn": "arn:aws:ec2:us-west-2:900932047199:vpc/vpc-0201ea765afe29960",
            "assign_generated_ipv6_cidr_block": false,
            "cidr_block": "10.1.0.0/16",
            "default_network_acl_id": "acl-024cc84d07b6b65c1",
            "default_route_table_id": "rtb-03d32434a2a284c7f",
            "default_security_group_id": "sg-0306a43ced6a604b5",
            "dhcp_options_id": "dopt-08bb15a01b1ceafa6",
            "enable_dns_hostnames": true,
            "enable_dns_support": true,
            "enable_network_address_usage_metrics": false,
            "id": "vpc-0201ea765afe29960",
            "instance_tenancy": "default",
            "ipv4_ipam_pool_id": null,
            "ipv4_netmask_length": null,
            "ipv6_association_id": "",
            "ipv6_cidr_block": "",
            "ipv6_cidr_block_network_border_group": "",
            "ipv6_ipam_pool_id": "",
            "ipv6_netmask_length": 0,
            "main_route_table_id": "rtb-03d32434a2a284c7f",
            "owner_id": "900932047199",
            "tags": {
              "Name": "dr-ha-app-vpc-secondary"
            },
            "tags_all": {
              "Name": "dr-ha-app-vpc-secondary"
            }
          },
          "sensitive_attributes": [],
          "private": "eyJzY2hlbWFfdmVyc2lvbiI6IjEifQ=="
        }
      ]
    },
    {
      "module": "module.vpc",
      "mode": "managed",
      "type": "aws_default_network_acl",
      "name": "this",
      "provider": "provider[\"registry.terraform.io/hashicorp/aws\"]",
      "instances": [
        {
          "index_key": 0,
          "schema_version": 0,
          "attributes": {
            "arn": "arn:aws:ec2:us-east-1:900932047199:network-acl/acl-036df90eb42125071",
            "default_network_acl_id": "acl-036df90eb42125071",
            "egress": [
              {
                "action": "allow",
                "cidr_block": "",
                "from_port": 0,
                "icmp_code": null,
                "icmp_type": null,
                "ipv6_cidr_block": "::/0",
                "protocol": "-1",
                "rule_no": 101,
                "to_port": 0
              },
              {
                "action": "allow",
                "cidr_block": "0.0.0.0/0",
                "from_port": 0,
                "icmp_code": null,
                "icmp_type": null,
                "ipv6_cidr_block": "",
                "protocol": "-1",
                "rule_no": 100,
                "to_port": 0
              }
            ],
            "id": "acl-036df90eb42125071",
            "ingress": [
              {
                "action": "allow",
                "cidr_block": "",
                "from_port": 0,
                "icmp_code": null,
                "icmp_type": null,
                "ipv6_cidr_block": "::/0",
                "protocol": "-1",
                "rule_no": 101,
                "to_port": 0
              },
              {
                "action": "allow",
                "cidr_block": "0.0.0.0/0",
                "from_port": 0,
                "icmp_code": null,
                "icmp_type": null,
                "ipv6_cidr_block": "",
                "protocol": "-1",
                "rule_no": 100,
                "to_port": 0
              }
            ],
            "owner_id": "900932047199",
            "subnet_ids": [
              "subnet-08e76e288230f18ae",
              "subnet-0bdce0bd6d53e46e8"
            ],
            "tags": {
              "Name": "dr-ha-app-vpc-default"
            },
            "tags_all": {
              "Name": "dr-ha-app-vpc-default"
            },
            "vpc_id": "vpc-09fe88372ca2ecc5c"
          },
          "sensitive_attributes": [],
          "private": "bnVsbA==",
          "dependencies": [
            "module.vpc.aws_vpc.this"
          ]
        }
      ]
    },
    {
      "module": "module.vpc",
      "mode": "managed",
      "type": "aws_default_route_table",
      "name": "default",
      "provider": "provider[\"registry.terraform.io/hashicorp/aws\"]",
      "instances": [
        {
          "index_key": 0,
          "schema_version": 0,
          "attributes": {
            "arn": "arn:aws:ec2:us-east-1:900932047199:route-table/rtb-03d75342da8275851",
            "default_route_table_id": "rtb-03d75342da8275851",
            "id": "rtb-03d75342da8275851",
            "owner_id": "900932047199",
            "propagating_vgws": null,
            "route": [],
            "tags": {
              "Name": "dr-ha-app-vpc-default"
            },
            "tags_all": {
              "Name": "dr-ha-app-vpc-default"
            },
            "timeouts": {
              "create": "5m",
              "update": "5m"
            },
            "vpc_id": "vpc-09fe88372ca2ecc5c"
          },
          "sensitive_attributes": [],
          "private": "eyJlMmJmYjczMC1lY2FhLTExZTYtOGY4OC0zNDM2M2JjN2M0YzAiOnsiY3JlYXRlIjozMDAwMDAwMDAwMDAsInVwZGF0ZSI6MzAwMDAwMDAwMDAwfX0=",
          "dependencies": [
            "module.vpc.aws_vpc.this"
          ]
        }
      ]
    },
    {
      "module": "module.vpc",
      "mode": "managed",
      "type": "aws_default_security_group",
      "name": "this",
      "provider": "provider[\"registry.terraform.io/hashicorp/aws\"]",
      "instances": [
        {
          "index_key": 0,
          "schema_version": 1,
          "attributes": {
            "arn": "arn:aws:ec2:us-east-1:900932047199:security-group/sg-01bbea60586b82711",
            "description": "default VPC security group",
            "egress": [],
            "id": "sg-01bbea60586b82711",
            "ingress": [],
            "name": "default",
            "name_prefix": "",
            "owner_id": "900932047199",
            "revoke_rules_on_delete": false,
            "tags": {
              "Name": "dr-ha-app-vpc-default"
            },
            "tags_all": {
              "Name": "dr-ha-app-vpc-default"
            },
            "vpc_id": "vpc-09fe88372ca2ecc5c"
          },
          "sensitive_attributes": [],
          "private": "eyJzY2hlbWFfdmVyc2lvbiI6IjEifQ==",
          "dependencies": [
            "module.vpc.aws_vpc.this"
          ]
        }
      ]
    },
    {
      "module": "module.vpc",
      "mode": "managed",
      "type": "aws_internet_gateway",
      "name": "this",
      "provider": "provider[\"registry.terraform.io/hashicorp/aws\"]",
      "instances": [
        {
          "index_key": 0,
          "schema_version": 0,
          "attributes": {
            "arn": "arn:aws:ec2:us-east-1:900932047199:internet-gateway/igw-05258aa58f61d8f6c",
            "id": "igw-05258aa58f61d8f6c",
            "owner_id": "900932047199",
            "tags": {
              "Name": "dr-ha-app-vpc"
            },
            "tags_all": {
              "Name": "dr-ha-app-vpc"
            },
            "timeouts": null,
            "vpc_id": "vpc-09fe88372ca2ecc5c"
          },
          "sensitive_attributes": [],
          "private": "eyJlMmJmYjczMC1lY2FhLTExZTYtOGY4OC0zNDM2M2JjN2M0YzAiOnsiY3JlYXRlIjoxMjAwMDAwMDAwMDAwLCJkZWxldGUiOjEyMDAwMDAwMDAwMDAsInVwZGF0ZSI6MTIwMDAwMDAwMDAwMH19",
          "dependencies": [
            "module.vpc.aws_vpc.this",
            "module.vpc.aws_vpc_ipv4_cidr_block_association.this"
          ]
        }
      ]
    },
    {
      "module": "module.vpc",
      "mode": "managed",
      "type": "aws_route",
      "name": "public_internet_gateway",
      "provider": "provider[\"registry.terraform.io/hashicorp/aws\"]",
      "instances": [
        {
          "index_key": 0,
          "schema_version": 0,
          "attributes": {
            "carrier_gateway_id": "",
            "core_network_arn": "",
            "destination_cidr_block": "0.0.0.0/0",
            "destination_ipv6_cidr_block": "",
            "destination_prefix_list_id": "",
            "egress_only_gateway_id": "",
            "gateway_id": "igw-05258aa58f61d8f6c",
            "id": "r-rtb-04468808eaea7b4ae1080289494",
            "instance_id": "",
            "instance_owner_id": "",
            "local_gateway_id": "",
            "nat_gateway_id": "",
            "network_interface_id": "",
            "origin": "CreateRoute",
            "route_table_id": "rtb-04468808eaea7b4ae",
            "state": "active",
            "timeouts": {
              "create": "5m",
              "delete": null,
              "update": null
            },
            "transit_gateway_id": "",
            "vpc_endpoint_id": "",
            "vpc_peering_connection_id": ""
          },
          "sensitive_attributes": [],
          "private": "eyJlMmJmYjczMC1lY2FhLTExZTYtOGY4OC0zNDM2M2JjN2M0YzAiOnsiY3JlYXRlIjozMDAwMDAwMDAwMDAsImRlbGV0ZSI6MzAwMDAwMDAwMDAwLCJ1cGRhdGUiOjEyMDAwMDAwMDAwMH19",
          "dependencies": [
            "module.vpc.aws_internet_gateway.this",
            "module.vpc.aws_route_table.public",
            "module.vpc.aws_vpc.this",
            "module.vpc.aws_vpc_ipv4_cidr_block_association.this"
          ]
        }
      ]
    },
    {
      "module": "module.vpc",
      "mode": "managed",
      "type": "aws_route_table",
      "name": "public",
      "provider": "provider[\"registry.terraform.io/hashicorp/aws\"]",
      "instances": [
        {
          "index_key": 0,
          "schema_version": 0,
          "attributes": {
            "arn": "arn:aws:ec2:us-east-1:900932047199:route-table/rtb-04468808eaea7b4ae",
            "id": "rtb-04468808eaea7b4ae",
            "owner_id": "900932047199",
            "propagating_vgws": [],
            "route": [],
            "tags": {
              "Name": "dr-ha-app-vpc-public"
            },
            "tags_all": {
              "Name": "dr-ha-app-vpc-public"
            },
            "timeouts": null,
            "vpc_id": "vpc-09fe88372ca2ecc5c"
          },
          "sensitive_attributes": [],
          "private": "eyJlMmJmYjczMC1lY2FhLTExZTYtOGY4OC0zNDM2M2JjN2M0YzAiOnsiY3JlYXRlIjozMDAwMDAwMDAwMDAsImRlbGV0ZSI6MzAwMDAwMDAwMDAwLCJ1cGRhdGUiOjEyMDAwMDAwMDAwMH19",
          "dependencies": [
            "module.vpc.aws_vpc.this",
            "module.vpc.aws_vpc_ipv4_cidr_block_association.this"
          ]
        }
      ]
    },
    {
      "module": "module.vpc",
      "mode": "managed",
      "type": "aws_route_table_association",
      "name": "public",
      "provider": "provider[\"registry.terraform.io/hashicorp/aws\"]",
      "instances": [
        {
          "index_key": 0,
          "schema_version": 0,
          "attributes": {
            "gateway_id": "",
            "id": "rtbassoc-056eb8d44a805f270",
            "route_table_id": "rtb-04468808eaea7b4ae",
            "subnet_id": "subnet-0bdce0bd6d53e46e8",
            "timeouts": null
          },
          "sensitive_attributes": [],
          "private": "eyJlMmJmYjczMC1lY2FhLTExZTYtOGY4OC0zNDM2M2JjN2M0YzAiOnsiY3JlYXRlIjozMDAwMDAwMDAwMDAsImRlbGV0ZSI6MzAwMDAwMDAwMDAwLCJ1cGRhdGUiOjEyMDAwMDAwMDAwMH19",
          "dependencies": [
            "module.vpc.aws_route_table.public",
            "module.vpc.aws_subnet.public",
            "module.vpc.aws_vpc.this",
            "module.vpc.aws_vpc_ipv4_cidr_block_association.this"
          ]
        },
        {
          "index_key": 1,
          "schema_version": 0,
          "attributes": {
            "gateway_id": "",
            "id": "rtbassoc-0f942e05cf5ac45cc",
            "route_table_id": "rtb-04468808eaea7b4ae",
            "subnet_id": "subnet-08e76e288230f18ae",
            "timeouts": null
          },
          "sensitive_attributes": [],
          "private": "eyJlMmJmYjczMC1lY2FhLTExZTYtOGY4OC0zNDM2M2JjN2M0YzAiOnsiY3JlYXRlIjozMDAwMDAwMDAwMDAsImRlbGV0ZSI6MzAwMDAwMDAwMDAwLCJ1cGRhdGUiOjEyMDAwMDAwMDAwMH19",
          "dependencies": [
            "module.vpc.aws_route_table.public",
            "module.vpc.aws_subnet.public",
            "module.vpc.aws_vpc.this",
            "module.vpc.aws_vpc_ipv4_cidr_block_association.this"
          ]
        }
      ]
    },
    {
      "module": "module.vpc",
      "mode": "managed",
      "type": "aws_subnet",
      "name": "public",
      "provider": "provider[\"registry.terraform.io/hashicorp/aws\"]",
      "instances": [
        {
          "index_key": 0,
          "schema_version": 1,
          "attributes": {
            "arn": "arn:aws:ec2:us-east-1:900932047199:subnet/subnet-0bdce0bd6d53e46e8",
            "assign_ipv6_address_on_creation": false,
            "availability_zone": "us-east-1a",
            "availability_zone_id": "use1-az1",
            "cidr_block": "10.0.1.0/24",
            "customer_owned_ipv4_pool": "",
            "enable_dns64": false,
            "enable_lni_at_device_index": 0,
            "enable_resource_name_dns_a_record_on_launch": false,
            "enable_resource_name_dns_aaaa_record_on_launch": false,
            "id": "subnet-0bdce0bd6d53e46e8",
            "ipv6_cidr_block": "",
            "ipv6_cidr_block_association_id": "",
            "ipv6_native": false,
            "map_customer_owned_ip_on_launch": false,
            "map_public_ip_on_launch": false,
            "outpost_arn": "",
            "owner_id": "900932047199",
            "private_dns_hostname_type_on_launch": "ip-name",
            "tags": {
              "Name": "dr-ha-app-vpc-public-us-east-1a"
            },
            "tags_all": {
              "Name": "dr-ha-app-vpc-public-us-east-1a"
            },
            "timeouts": null,
            "vpc_id": "vpc-09fe88372ca2ecc5c"
          },
          "sensitive_attributes": [],
          "private": "eyJlMmJmYjczMC1lY2FhLTExZTYtOGY4OC0zNDM2M2JjN2M0YzAiOnsiY3JlYXRlIjo2MDAwMDAwMDAwMDAsImRlbGV0ZSI6MTIwMDAwMDAwMDAwMH0sInNjaGVtYV92ZXJzaW9uIjoiMSJ9",
          "dependencies": [
            "module.vpc.aws_vpc.this",
            "module.vpc.aws_vpc_ipv4_cidr_block_association.this"
          ]
        },
        {
          "index_key": 1,
          "schema_version": 1,
          "attributes": {
            "arn": "arn:aws:ec2:us-east-1:900932047199:subnet/subnet-08e76e288230f18ae",
            "assign_ipv6_address_on_creation": false,
            "availability_zone": "us-east-1b",
            "availability_zone_id": "use1-az2",
            "cidr_block": "10.0.2.0/24",
            "customer_owned_ipv4_pool": "",
            "enable_dns64": false,
            "enable_lni_at_device_index": 0,
            "enable_resource_name_dns_a_record_on_launch": false,
            "enable_resource_name_dns_aaaa_record_on_launch": false,
            "id": "subnet-08e76e288230f18ae",
            "ipv6_cidr_block": "",
            "ipv6_cidr_block_association_id": "",
            "ipv6_native": false,
            "map_customer_owned_ip_on_launch": false,
            "map_public_ip_on_launch": false,
            "outpost_arn": "",
            "owner_id": "900932047199",
            "private_dns_hostname_type_on_launch": "ip-name",
            "tags": {
              "Name": "dr-ha-app-vpc-public-us-east-1b"
            },
            "tags_all": {
              "Name": "dr-ha-app-vpc-public-us-east-1b"
            },
            "timeouts": null,
            "vpc_id": "vpc-09fe88372ca2ecc5c"
          },
          "sensitive_attributes": [],
          "private": "eyJlMmJmYjczMC1lY2FhLTExZTYtOGY4OC0zNDM2M2JjN2M0YzAiOnsiY3JlYXRlIjo2MDAwMDAwMDAwMDAsImRlbGV0ZSI6MTIwMDAwMDAwMDAwMH0sInNjaGVtYV92ZXJzaW9uIjoiMSJ9",
          "dependencies": [
            "module.vpc.aws_vpc.this",
            "module.vpc.aws_vpc_ipv4_cidr_block_association.this"
          ]
        }
      ]
    },
    {
      "module": "module.vpc",
      "mode": "managed",
      "type": "aws_vpc",
      "name": "this",
      "provider": "provider[\"registry.terraform.io/hashicorp/aws\"]",
      "instances": [
        {
          "index_key": 0,
          "schema_version": 1,
          "attributes": {
            "arn": "arn:aws:ec2:us-east-1:900932047199:vpc/vpc-09fe88372ca2ecc5c",
            "assign_generated_ipv6_cidr_block": false,
            "cidr_block": "10.0.0.0/16",
            "default_network_acl_id": "acl-036df90eb42125071",
            "default_route_table_id": "rtb-03d75342da8275851",
            "default_security_group_id": "sg-01bbea60586b82711",
            "dhcp_options_id": "dopt-0799f68d6bd9a795d",
            "enable_dns_hostnames": true,
            "enable_dns_support": true,
            "enable_network_address_usage_metrics": false,
            "id": "vpc-09fe88372ca2ecc5c",
            "instance_tenancy": "default",
            "ipv4_ipam_pool_id": null,
            "ipv4_netmask_length": null,
            "ipv6_association_id": "",
            "ipv6_cidr_block": "",
            "ipv6_cidr_block_network_border_group": "",
            "ipv6_ipam_pool_id": "",
            "ipv6_netmask_length": 0,
            "main_route_table_id": "rtb-03d75342da8275851",
            "owner_id": "900932047199",
            "tags": {
              "Name": "dr-ha-app-vpc"
            },
            "tags_all": {
              "Name": "dr-ha-app-vpc"
            }
          },
          "sensitive_attributes": [],
          "private": "eyJzY2hlbWFfdmVyc2lvbiI6IjEifQ==",
          "create_before_destroy": true
        }
      ]
    }
  ],
  "check_results": null
}
